
Microsoft Visual Studio Solution File, Format Version 12.00
# Visual Studio Version 17
VisualStudioVersion = 17.7.34024.191
MinimumVisualStudioVersion = 10.0.40219.1
Project("{FAE04EC0-301F-11D3-BF4B-00C04F79EFBC}") = "Mod04prac", "Mod04prac\Mod04prac.csproj", "{1FA67C6A-7713-4C20-98AC-7F05BE84D162}"
EndProject
Project("{FAE04EC0-301F-11D3-BF4B-00C04F79EFBC}") = "Task2", "Task2\Task2.csproj", "{7820936A-4B44-44F0-B2F2-FF0F98BF1893}"
EndProject
Project("{FAE04EC0-301F-11D3-BF4B-00C04F79EFBC}") = "Task3", "Task3\Task3.csproj", "{6A882DD5-E4E3-4300-9278-DDB2F77F4B08}"
EndProject
Global
	GlobalSection(SolutionConfigurationPlatforms) = preSolution
		Debug|Any CPU = Debug|Any CPU
		Release|Any CPU = Release|Any CPU
	EndGlobalSection
	GlobalSection(ProjectConfigurationPlatforms) = postSolution
		{1FA67C6A-7713-4C20-98AC-7F05BE84D162}.Debug|Any CPU.ActiveCfg = Debug|Any CPU
		{1FA67C6A-7713-4C20-98AC-7F05BE84D162}.Debug|Any CPU.Build.0 = Debug|Any CPU
		{1FA67C6A-7713-4C20-98AC-7F05BE84D162}.Release|Any CPU.ActiveCfg = Release|Any CPU
		{1FA67C6A-7713-4C20-98AC-7F05BE84D162}.Release|Any CPU.Build.0 = Release|Any CPU
		{7820936A-4B44-44F0-B2F2-FF0F98BF1893}.Debug|Any CPU.ActiveCfg = Debug|Any CPU
		{7820936A-4B44-44F0-B2F2-FF0F98BF1893}.Debug|Any CPU.Build.0 = Debug|Any CPU
		{7820936A-4B44-44F0-B2F2-FF0F98BF1893}.Release|Any CPU.ActiveCfg = Release|Any CPU
		{7820936A-4B44-44F0-B2F2-FF0F98BF1893}.Release|Any CPU.Build.0 = Release|Any CPU
		{6A882DD5-E4E3-4300-9278-DDB2F77F4B08}.Debug|Any CPU.ActiveCfg = Debug|Any CPU
		{6A882DD5-E4E3-4300-9278-DDB2F77F4B08}.Debug|Any CPU.Build.0 = Debug|Any CPU
		{6A882DD5-E4E3-4300-9278-DDB2F77F4B08}.Release|Any CPU.ActiveCfg = Release|Any CPU
		{6A882DD5-E4E3-4300-9278-DDB2F77F4B08}.Release|Any CPU.Build.0 = Release|Any CPU
	EndGlobalSection
	GlobalSection(SolutionProperties) = preSolution
		HideSolutionNode = FALSE
	EndGlobalSection
	GlobalSection(ExtensibilityGlobals) = postSolution
		SolutionGuid = {45005B91-3069-4EC6-99C1-924912C26184}
	EndGlobalSection
EndGlobal
